// !$*UTF8*$!
{
	archiveVersion = 1;
	classes = {
	};
	objectVersion = 77;
	objects = {

/* Begin PBXBuildFile section */
		BF59ED522E2A4485006A8988 /* Security.framework in Frameworks */ = {isa = PBXBuildFile; fileRef = BF59ED512E2A4485006A8988 /* Security.framework */; };
		BF66DFB02E8A811000E3AF1F /* WebKit.framework in Frameworks */ = {isa = PBXBuildFile; fileRef = BF66DFAF2E8A811000E3AF1F /* WebKit.framework */; };
		BF785D3C2E28D65A00ED90BB /* CFNetwork.framework in Frameworks */ = {isa = PBXBuildFile; fileRef = BF785D3B2E28D65A00ED90BB /* CFNetwork.framework */; };
		BFAC3A962E288426007189A5 /* UIKit.framework in Frameworks */ = {isa = PBXBuildFile; fileRef = BFAC3A952E288426007189A5 /* UIKit.framework */; };
		BFAC3A982E288426007189A5 /* Foundation.framework in Frameworks */ = {isa = PBXBuildFile; fileRef = BFAC3A972E288426007189A5 /* Foundation.framework */; };
		BFAC3A9A2E288426007189A5 /* CydiaSubstrate.framework in Frameworks */ = {isa = PBXBuildFile; fileRef = BFAC3A992E288426007189A5 /* CydiaSubstrate.framework */; };
		BFEC89DE2E8A51090054368A /* CoreGraphics.framework in Frameworks */ = {isa = PBXBuildFile; fileRef = BFEC89DD2E8A51090054368A /* CoreGraphics.framework */; };
/* End PBXBuildFile section */

/* Begin PBXFileReference section */
		BF59ED512E2A4485006A8988 /* Security.framework */ = {isa = PBXFileReference; lastKnownFileType = wrapper.framework; name = Security.framework; path = Platforms/MacOSX.platform/Developer/SDKs/MacOSX15.2.sdk/System/Library/Frameworks/Security.framework; sourceTree = DEVELOPER_DIR; };
		BF66DFAF2E8A811000E3AF1F /* WebKit.framework */ = {isa = PBXFileReference; lastKnownFileType = wrapper.framework; name = WebKit.framework; path = Platforms/MacOSX.platform/Developer/SDKs/MacOSX15.2.sdk/System/iOSSupport/System/Library/PrivateFrameworks/WebKit.framework; sourceTree = DEVELOPER_DIR; };
		BF785D3B2E28D65A00ED90BB /* CFNetwork.framework */ = {isa = PBXFileReference; lastKnownFileType = wrapper.framework; name = CFNetwork.framework; path = Platforms/MacOSX.platform/Developer/SDKs/MacOSX15.2.sdk/System/Library/Frameworks/CFNetwork.framework; sourceTree = DEVELOPER_DIR; };
		BFAC3A922E288426007189A5 /* DoubanTweak.dylib */ = {isa = PBXFileReference; explicitFileType = "compiled.mach-o.dylib"; includeInIndex = 0; path = DoubanTweak.dylib; sourceTree = BUILT_PRODUCTS_DIR; };
		BFAC3A952E288426007189A5 /* UIKit.framework */ = {isa = PBXFileReference; lastKnownFileType = wrapper.framework; name = UIKit.framework; path = System/Library/Frameworks/UIKit.framework; sourceTree = SDKROOT; };
		BFAC3A972E288426007189A5 /* Foundation.framework */ = {isa = PBXFileReference; lastKnownFileType = wrapper.framework; name = Foundation.framework; path = System/Library/Frameworks/Foundation.framework; sourceTree = SDKROOT; };
		BFAC3A992E288426007189A5 /* CydiaSubstrate.framework */ = {isa = PBXFileReference; lastKnownFileType = wrapper.framework; name = CydiaSubstrate.framework; path = Library/Frameworks/CydiaSubstrate.framework; sourceTree = DEVELOPER_DIR; };
		BFEC89DD2E8A51090054368A /* CoreGraphics.framework */ = {isa = PBXFileReference; lastKnownFileType = wrapper.framework; name = CoreGraphics.framework; path = Platforms/MacOSX.platform/Developer/SDKs/MacOSX15.2.sdk/System/Library/Frameworks/CoreGraphics.framework; sourceTree = DEVELOPER_DIR; };
/* End PBXFileReference section */

/* Begin PBXFileSystemSynchronizedBuildFileExceptionSet section */
		BFAC3AB52E2884C9007189A5 /* Exceptions for "DoubanTweak" folder in "DoubanTweak" target */ = {
			isa = PBXFileSystemSynchronizedBuildFileExceptionSet;
			membershipExceptions = (
				Package/Library/MobileSubstrate/DynamicLibraries/DoubanTweak.dylib,
				Src/Home/HomeAd.xm,
				Src/Launch/LaunchAd.xm,
				Src/Network/NJNetworkProxy.xm,
				Src/RichMedia/RichMediaAd.xm,
			);
			target = BFAC3A912E288426007189A5 /* DoubanTweak */;
		};
/* End PBXFileSystemSynchronizedBuildFileExceptionSet section */

/* Begin PBXFileSystemSynchronizedRootGroup section */
		BFAC3A9B2E288426007189A5 /* DoubanTweak */ = {
			isa = PBXFileSystemSynchronizedRootGroup;
			exceptions = (
				BFAC3AB52E2884C9007189A5 /* Exceptions for "DoubanTweak" folder in "DoubanTweak" target */,
			);
			explicitFileTypes = {
				Src/Home/HomeAd.xm = sourcecode.cpp.objcpp;
				Src/Launch/LaunchAd.xm = sourcecode.cpp.objcpp;
				Src/Network/NJNetworkProxy.xm = sourcecode.cpp.objcpp;
				Src/RichMedia/RichMediaAd.xm = sourcecode.cpp.objcpp;
			};
			path = DoubanTweak;
			sourceTree = "<group>";
		};
/* End PBXFileSystemSynchronizedRootGroup section */

/* Begin PBXFrameworksBuildPhase section */
		BFAC3A8E2E288426007189A5 /* Frameworks */ = {
			isa = PBXFrameworksBuildPhase;
			buildActionMask = 2147483647;
			files = (
				BF66DFB02E8A811000E3AF1F /* WebKit.framework in Frameworks */,
				BFEC89DE2E8A51090054368A /* CoreGraphics.framework in Frameworks */,
				BFAC3A962E288426007189A5 /* UIKit.framework in Frameworks */,
				BF59ED522E2A4485006A8988 /* Security.framework in Frameworks */,
				BFAC3A982E288426007189A5 /* Foundation.framework in Frameworks */,
				BF785D3C2E28D65A00ED90BB /* CFNetwork.framework in Frameworks */,
				BFAC3A9A2E288426007189A5 /* CydiaSubstrate.framework in Frameworks */,
			);
			runOnlyForDeploymentPostprocessing = 0;
		};
/* End PBXFrameworksBuildPhase section */

/* Begin PBXGroup section */
		BFAC3A872E288426007189A5 = {
			isa = PBXGroup;
			children = (
				BFAC3A9B2E288426007189A5 /* DoubanTweak */,
				BFAC3A942E288426007189A5 /* Frameworks */,
				BFAC3A932E288426007189A5 /* Products */,
			);
			sourceTree = "<group>";
		};
		BFAC3A932E288426007189A5 /* Products */ = {
			isa = PBXGroup;
			children = (
				BFAC3A922E288426007189A5 /* DoubanTweak.dylib */,
			);
			name = Products;
			sourceTree = "<group>";
		};
		BFAC3A942E288426007189A5 /* Frameworks */ = {
			isa = PBXGroup;
			children = (
				BF66DFAF2E8A811000E3AF1F /* WebKit.framework */,
				BFEC89DD2E8A51090054368A /* CoreGraphics.framework */,
				BF59ED512E2A4485006A8988 /* Security.framework */,
				BF785D3B2E28D65A00ED90BB /* CFNetwork.framework */,
				BFAC3A952E288426007189A5 /* UIKit.framework */,
				BFAC3A972E288426007189A5 /* Foundation.framework */,
				BFAC3A992E288426007189A5 /* CydiaSubstrate.framework */,
			);
			name = Frameworks;
			sourceTree = "<group>";
		};
/* End PBXGroup section */

/* Begin PBXHeadersBuildPhase section */
		BFAC3A8F2E288426007189A5 /* Headers */ = {
			isa = PBXHeadersBuildPhase;
			buildActionMask = 2147483647;
			files = (
			);
			runOnlyForDeploymentPostprocessing = 0;
		};
/* End PBXHeadersBuildPhase section */

/* Begin PBXNativeTarget section */
		BFAC3A912E288426007189A5 /* DoubanTweak */ = {
			isa = PBXNativeTarget;
			buildConfigurationList = BFAC3AA92E288426007189A5 /* Build configuration list for PBXNativeTarget "DoubanTweak" */;
			buildPhases = (
				BFAC3A8C2E288426007189A5 /* ShellScript */,
				BFAC3A8D2E288426007189A5 /* Sources */,
				BFAC3A8E2E288426007189A5 /* Frameworks */,
				BFAC3A8F2E288426007189A5 /* Headers */,
				BFAC3A902E288426007189A5 /* ShellScript */,
			);
			buildRules = (
			);
			dependencies = (
			);
			fileSystemSynchronizedGroups = (
				BFAC3A9B2E288426007189A5 /* DoubanTweak */,
			);
			name = DoubanTweak;
			packageProductDependencies = (
			);
			productName = DoubanTweak;
			productReference = BFAC3A922E288426007189A5 /* DoubanTweak.dylib */;
			productType = "com.apple.product-type.library.dynamic";
		};
/* End PBXNativeTarget section */

/* Begin PBXProject section */
		BFAC3A882E288426007189A5 /* Project object */ = {
			isa = PBXProject;
			attributes = {
				BuildIndependentTargetsInParallel = 1;
				LastUpgradeCheck = 1620;
				TargetAttributes = {
					BFAC3A912E288426007189A5 = {
						CreatedOnToolsVersion = 16.2;
					};
				};
			};
			buildConfigurationList = BFAC3A8B2E288426007189A5 /* Build configuration list for PBXProject "DoubanTweak" */;
			developmentRegion = en;
			hasScannedForEncodings = 0;
			knownRegions = (
				en,
				Base,
			);
			mainGroup = BFAC3A872E288426007189A5;
			minimizedProjectReferenceProxies = 1;
			preferredProjectObjectVersion = 77;
			productRefGroup = BFAC3A932E288426007189A5 /* Products */;
			projectDirPath = "";
			projectRoot = "";
			targets = (
				BFAC3A912E288426007189A5 /* DoubanTweak */,
			);
		};
/* End PBXProject section */

/* Begin PBXShellScriptBuildPhase section */
		BFAC3A8C2E288426007189A5 /* ShellScript */ = {
			isa = PBXShellScriptBuildPhase;
			buildActionMask = 2147483647;
			files = (
			);
			inputFileListPaths = (
			);
			inputPaths = (
			);
			outputFileListPaths = (
			);
			outputPaths = (
			);
			runOnlyForDeploymentPostprocessing = 0;
			shellPath = /bin/sh;
			shellScript = "/opt/MonkeyDev/bin/md --xcbp-logos";
		};
		BFAC3A902E288426007189A5 /* ShellScript */ = {
			isa = PBXShellScriptBuildPhase;
			buildActionMask = 2147483647;
			files = (
			);
			inputFileListPaths = (
			);
			inputPaths = (
			);
			outputFileListPaths = (
			);
			outputPaths = (
			);
			runOnlyForDeploymentPostprocessing = 0;
			shellPath = /bin/sh;
			shellScript = "/opt/MonkeyDev/bin/md --xcbp";
		};
/* End PBXShellScriptBuildPhase section */

/* Begin PBXSourcesBuildPhase section */
		BFAC3A8D2E288426007189A5 /* Sources */ = {
			isa = PBXSourcesBuildPhase;
			buildActionMask = 2147483647;
			files = (
			);
			runOnlyForDeploymentPostprocessing = 0;
		};
/* End PBXSourcesBuildPhase section */

/* Begin XCBuildConfiguration section */
		BFAC3AAA2E288426007189A5 /* Release */ = {
			isa = XCBuildConfiguration;
			buildSettings = {
				CLANG_ENABLE_OBJC_ARC = YES;
				CODE_SIGN_IDENTITY = "";
				CODE_SIGN_STYLE = Automatic;
				DEVELOPMENT_TEAM = E435LNP339;
				DYLIB_COMPATIBILITY_VERSION = 1;
				DYLIB_CURRENT_VERSION = 1;
				ENABLE_USER_SCRIPT_SANDBOXING = NO;
				GCC_PRECOMPILE_PREFIX_HEADER = YES;
				GCC_PREFIX_HEADER = "DoubanTweak/DoubanTweak-Prefix.pch";
				GCC_PREPROCESSOR_DEFINITIONS = (
					"$(inherited)",
					"NJ_TWEAK=1",
				);
				INSTALL_PATH = /Library/MobileSubstrate/DynamicLibraries;
				LIBRARY_SEARCH_PATHS = (
					"$(inherited)",
					"$(PROJECT_DIR)/DoubanTweak/Package/Library/MobileSubstrate/DynamicLibraries",
					"$(PROJECT_DIR)/DoubanTweak/Package/Library/Caches/NJDouban",
				);
				MonkeyDevBuildPackageOnAnyBuild = NO;
				MonkeyDevClearUiCacheOnInstall = NO;
				MonkeyDevCopyOnBuild = NO;
				MonkeyDevDeviceIP = "";
				MonkeyDevDevicePassword = "";
				MonkeyDevDevicePort = "";
				MonkeyDevInstallOnAnyBuild = YES;
				MonkeyDevInstallOnProfiling = YES;
				MonkeyDevkillProcessOnInstall = SpringBoard;
				PRODUCT_NAME = "$(TARGET_NAME)";
				TARGETED_DEVICE_FAMILY = "1,2";
			};
			name = Release;
		};
		BFAC3AAB2E288426007189A5 /* Debug */ = {
			isa = XCBuildConfiguration;
			buildSettings = {
				CLANG_ENABLE_OBJC_ARC = YES;
				CODE_SIGN_IDENTITY = "";
				CODE_SIGN_STYLE = Automatic;
				DEVELOPMENT_TEAM = E435LNP339;
				DYLIB_COMPATIBILITY_VERSION = 1;
				DYLIB_CURRENT_VERSION = 1;
				ENABLE_USER_SCRIPT_SANDBOXING = NO;
				GCC_PRECOMPILE_PREFIX_HEADER = YES;
				GCC_PREFIX_HEADER = "DoubanTweak/DoubanTweak-Prefix.pch";
				GCC_PREPROCESSOR_DEFINITIONS = (
					"$(inherited)",
					"NJ_TWEAK=1",
				);
				INSTALL_PATH = /Library/MobileSubstrate/DynamicLibraries;
				LIBRARY_SEARCH_PATHS = (
					"$(inherited)",
					"$(PROJECT_DIR)/DoubanTweak/Package/Library/MobileSubstrate/DynamicLibraries",
					"$(PROJECT_DIR)/DoubanTweak/Package/Library/Caches/NJDouban",
				);
				MonkeyDevBuildPackageOnAnyBuild = NO;
				MonkeyDevClearUiCacheOnInstall = NO;
				MonkeyDevCopyOnBuild = NO;
				MonkeyDevDeviceIP = "";
				MonkeyDevDevicePassword = "";
				MonkeyDevDevicePort = "";
				MonkeyDevInstallOnAnyBuild = YES;
				MonkeyDevInstallOnProfiling = YES;
				MonkeyDevkillProcessOnInstall = SpringBoard;
				PRODUCT_NAME = "$(TARGET_NAME)";
				TARGETED_DEVICE_FAMILY = "1,2";
			};
			name = Debug;
		};
		BFAC3AAC2E288426007189A5 /* Release */ = {
			isa = XCBuildConfiguration;
			buildSettings = {
				COPY_PHASE_STRIP = YES;
				EXCLUDED_RECURSIVE_SEARCH_PATH_SUBDIRECTORIES = "*.nib *.lproj *.gch (*) .DS_Store CVS .svn .git .hg *.xcodeproj *.xcode *.pbproj *.pbxproj";
				FRAMEWORK_SEARCH_PATHS = (
					"$(MonkeyDevPath)/frameworks/**",
					"$(MonkeyDevTheosPath)/vendor/lib",
				);
				GCC_C_LANGUAGE_STANDARD = gnu99;
				GCC_WARN_ABOUT_MISSING_PROTOTYPES = YES;
				GCC_WARN_ABOUT_RETURN_TYPE = YES;
				GCC_WARN_UNUSED_VARIABLE = YES;
				HEADER_SEARCH_PATHS = "$(MonkeyDevTheosPath)/vendor/include/**";
				IPHONEOS_DEPLOYMENT_TARGET = 13.0;
				LIBRARY_SEARCH_PATHS = "$(MonkeyDevTheosPath)/vendor/lib/**";
				MonkeyDevPath = /opt/MonkeyDev;
				MonkeyDevTheosPath = /opt/theos;
				OTHER_CFLAGS = "-DTHEOS_INSTANCE_NAME=\"\\\"DoubanTweak\\\"\"";
				SDKROOT = iphoneos;
				TARGETED_DEVICE_FAMILY = "1,2";
				VALIDATE_PRODUCT = YES;
			};
			name = Release;
		};
		BFAC3AAD2E288426007189A5 /* Debug */ = {
			isa = XCBuildConfiguration;
			buildSettings = {
				COPY_PHASE_STRIP = NO;
				EXCLUDED_RECURSIVE_SEARCH_PATH_SUBDIRECTORIES = "*.nib *.lproj *.gch (*) .DS_Store CVS .svn .git .hg *.xcodeproj *.xcode *.pbproj *.pbxproj";
				FRAMEWORK_SEARCH_PATHS = (
					"$(MonkeyDevPath)/frameworks/**",
					"$(MonkeyDevTheosPath)/vendor/lib",
				);
				GCC_C_LANGUAGE_STANDARD = gnu99;
				GCC_DYNAMIC_NO_PIC = NO;
				GCC_OPTIMIZATION_LEVEL = 0;
				GCC_PREPROCESSOR_DEFINITIONS = (
					"DEBUG=1",
					"$(inherited)",
				);
				GCC_SYMBOLS_PRIVATE_EXTERN = NO;
				GCC_WARN_ABOUT_MISSING_PROTOTYPES = YES;
				GCC_WARN_ABOUT_RETURN_TYPE = YES;
				GCC_WARN_UNUSED_VARIABLE = YES;
				HEADER_SEARCH_PATHS = "$(MonkeyDevTheosPath)/vendor/include/**";
				IPHONEOS_DEPLOYMENT_TARGET = 13.0;
				LIBRARY_SEARCH_PATHS = "$(MonkeyDevTheosPath)/vendor/lib/**";
				MonkeyDevPath = /opt/MonkeyDev;
				MonkeyDevTheosPath = /opt/theos;
				ONLY_ACTIVE_ARCH = YES;
				OTHER_CFLAGS = "-DTHEOS_INSTANCE_NAME=\"\\\"DoubanTweak\\\"\"";
				SDKROOT = iphoneos;
				TARGETED_DEVICE_FAMILY = "1,2";
				VALIDATE_PRODUCT = NO;
			};
			name = Debug;
		};
/* End XCBuildConfiguration section */

/* Begin XCConfigurationList section */
		BFAC3A8B2E288426007189A5 /* Build configuration list for PBXProject "DoubanTweak" */ = {
			isa = XCConfigurationList;
			buildConfigurations = (
				BFAC3AAC2E288426007189A5 /* Release */,
				BFAC3AAD2E288426007189A5 /* Debug */,
			);
			defaultConfigurationIsVisible = 0;
			defaultConfigurationName = Release;
		};
		BFAC3AA92E288426007189A5 /* Build configuration list for PBXNativeTarget "DoubanTweak" */ = {
			isa = XCConfigurationList;
			buildConfigurations = (
				BFAC3AAA2E288426007189A5 /* Release */,
				BFAC3AAB2E288426007189A5 /* Debug */,
			);
			defaultConfigurationIsVisible = 0;
			defaultConfigurationName = Release;
		};
/* End XCConfigurationList section */
	};
	rootObject = BFAC3A882E288426007189A5 /* Project object */;
}
